{
  "version": "2",
  "remote": {
    "https://deno.land/std@0.122.0/_util/assert.ts": "2f868145a042a11d5ad0a3c748dcf580add8a0dbc0e876eaa0026303a5488f58",
    "https://deno.land/std@0.122.0/bytes/bytes_list.ts": "3bff6a09c72b2e0b1e92e29bd3b135053894196cca07a2bba842901073efe5cb",
    "https://deno.land/std@0.122.0/bytes/equals.ts": "69f55fdbd45c71f920c1a621e6c0865dc780cd8ae34e0f5e55a9497b70c31c1b",
    "https://deno.land/std@0.122.0/bytes/mod.ts": "fedb80b8da2e7ad8dd251148e65f92a04c73d6c5a430b7d197dc39588c8dda6f",
    "https://deno.land/std@0.122.0/fmt/colors.ts": "8368ddf2d48dfe413ffd04cdbb7ae6a1009cf0dccc9c7ff1d76259d9c61a0621",
    "https://deno.land/std@0.122.0/io/buffer.ts": "8f10342821b81990acf859cdccb4e4031c7c9187a0ffc3ed6b356ee29ecc6681",
    "https://deno.land/std@0.122.0/io/types.d.ts": "89a27569399d380246ca7cdd9e14d5e68459f11fb6110790cc5ecbd4ee7f3215",
    "https://deno.land/std@0.122.0/streams/conversion.ts": "7ff9af42540063fa72003ab31a377ba9dde8532d43b16329b933c37a6d7aac5f",
    "https://deno.land/std@0.122.0/testing/_diff.ts": "e6a10d2aca8d6c27a9c5b8a2dbbf64353874730af539707b5b39d4128140642d",
    "https://deno.land/std@0.122.0/testing/asserts.ts": "e1e7325b449cc9c747c309690b22d8cf464e401f79f494ddb106e4842fdb4dda",
    "https://deno.land/std@0.133.0/_util/assert.ts": "e94f2eb37cebd7f199952e242c77654e43333c1ac4c5c700e929ea3aa5489f74",
    "https://deno.land/std@0.133.0/_util/deep_assign.ts": "52d4ed44314c5c22e9346264d1ef6c204debf3289be9f5c3c8cf3e8668595113",
    "https://deno.land/std@0.133.0/encoding/_toml/parser.ts": "70e459891b514906db15dca739d567d59cdcf97e14d630ea79f619a088a187ae",
    "https://deno.land/std@0.133.0/encoding/toml.ts": "368aef2dbc32dd17911f391e0f5a5eecfe51457ed56a5bc752632f8d6a1723ce",
    "https://deno.land/std@0.138.0/fmt/colors.ts": "30455035d6d728394781c10755351742dd731e3db6771b1843f9b9e490104d37",
    "https://deno.land/std@0.144.0/_util/assert.ts": "e94f2eb37cebd7f199952e242c77654e43333c1ac4c5c700e929ea3aa5489f74",
    "https://deno.land/std@0.144.0/_util/os.ts": "3b4c6e27febd119d36a416d7a97bd3b0251b77c88942c8f16ee5953ea13e2e49",
    "https://deno.land/std@0.144.0/path/_constants.ts": "df1db3ffa6dd6d1252cc9617e5d72165cd2483df90e93833e13580687b6083c3",
    "https://deno.land/std@0.144.0/path/_interface.ts": "ee3b431a336b80cf445441109d089b70d87d5e248f4f90ff906820889ecf8d09",
    "https://deno.land/std@0.144.0/path/_util.ts": "c1e9686d0164e29f7d880b2158971d805b6e0efc3110d0b3e24e4b8af2190d2b",
    "https://deno.land/std@0.144.0/path/common.ts": "bee563630abd2d97f99d83c96c2fa0cca7cee103e8cb4e7699ec4d5db7bd2633",
    "https://deno.land/std@0.144.0/path/glob.ts": "cb5255638de1048973c3e69e420c77dc04f75755524cb3b2e160fe9277d939ee",
    "https://deno.land/std@0.144.0/path/mod.ts": "4945b430b759b0b3d98f2a278542cbcf95e0ad2bd8eaaed3c67322b306b2b346",
    "https://deno.land/std@0.144.0/path/posix.ts": "293cdaec3ecccec0a9cc2b534302dfe308adb6f10861fa183275d6695faace44",
    "https://deno.land/std@0.144.0/path/separator.ts": "fe1816cb765a8068afb3e8f13ad272351c85cbc739af56dacfc7d93d710fe0f9",
    "https://deno.land/std@0.144.0/path/win32.ts": "31811536855e19ba37a999cd8d1b62078235548d67902ece4aa6b814596dd757",
    "https://deno.land/std@0.95.0/_util/assert.ts": "2f868145a042a11d5ad0a3c748dcf580add8a0dbc0e876eaa0026303a5488f58",
    "https://deno.land/std@0.95.0/bytes/mod.ts": "1ae1ccfe98c4b979f12b015982c7444f81fcb921bea7aa215bf37d84f46e1e13",
    "https://deno.land/std@0.95.0/encoding/_yaml/dumper/dumper.ts": "0263c52af22198d72afad43fcf83007b2b586e4ce1cb6516d93c9d190a1add56",
    "https://deno.land/std@0.95.0/encoding/_yaml/dumper/dumper_state.ts": "c891f455f5724ec0ead1b970245e757da56e834bafee56ca5caba94d4ee4ecab",
    "https://deno.land/std@0.95.0/encoding/_yaml/error.ts": "37127caf2a57a58ed1f4761d1786f341b8169b81cddd8143ee707c5ae8381ed1",
    "https://deno.land/std@0.95.0/encoding/_yaml/loader/loader.ts": "3dec6bf72a2e28dc25fbb3a9d4c3fe2fbce5afb8e609f98775240ceb39df2fa0",
    "https://deno.land/std@0.95.0/encoding/_yaml/loader/loader_state.ts": "b419c93cd239241a0b0cd15d6f7e641e8e8259f92786e98180c62a37c1f4f2c8",
    "https://deno.land/std@0.95.0/encoding/_yaml/mark.ts": "bea6f1b15a2398541a7b98224cedfdad0b5070a6091d2a64f6f1a7f9552f45d9",
    "https://deno.land/std@0.95.0/encoding/_yaml/parse.ts": "760d72477e4a9427a44a05cbfdfd36c49e016e03d4d5d5e85291222472d67c26",
    "https://deno.land/std@0.95.0/encoding/_yaml/schema.ts": "f455506cfdb6a9b43b1392afebc8bf47f9e07b87f1d892a2bc7aa4bf27b879c4",
    "https://deno.land/std@0.95.0/encoding/_yaml/schema/core.ts": "60bc5880ae4bf8a856b7376b4f573688d018207c7095c4e3b7f6f78fb566fb96",
    "https://deno.land/std@0.95.0/encoding/_yaml/schema/default.ts": "aa3191b304e78237511b30eccc0c02fe1e6138de08d63ce79243dff57eefaa3a",
    "https://deno.land/std@0.95.0/encoding/_yaml/schema/extended.ts": "838bb2f31fcf5364b8c5d58f8d0e421aaa7b5dcc6ead0e7ed45a70026ea18683",
    "https://deno.land/std@0.95.0/encoding/_yaml/schema/failsafe.ts": "99b32bbdf1f1d1a9f89412a3047b240df3910348bada9b6addb3d32e45707421",
    "https://deno.land/std@0.95.0/encoding/_yaml/schema/json.ts": "46cb110cf78c5eb1ea1cb3a022d9785c16346758c5fd796445625e3eba5e397c",
    "https://deno.land/std@0.95.0/encoding/_yaml/schema/mod.ts": "887883e91e15d85687a810dbd2337c91f6bc24cc89fa8d487e5fbb0851fc9d32",
    "https://deno.land/std@0.95.0/encoding/_yaml/state.ts": "b4c16a80245ccbf46e5d7e537686216fb178e6e17465edaad52dcc46ca061bc0",
    "https://deno.land/std@0.95.0/encoding/_yaml/stringify.ts": "7ffd3226730f8d29efab367e99ac772a254c59277bb6214fc9eb669a99be6b2b",
    "https://deno.land/std@0.95.0/encoding/_yaml/type.ts": "c8035db697dcbad50d3d714aab71f932f024067ce443475882ee14e721237f33",
    "https://deno.land/std@0.95.0/encoding/_yaml/type/binary.ts": "770b3b1f32ef6e5d39766c449137270aa6da6b75dbe7b1c5fafcaa0c3035df77",
    "https://deno.land/std@0.95.0/encoding/_yaml/type/bool.ts": "9d98f676db1004a096f484d3cffc3d6647edc1b1dcb36a6763d4058aa7c8d7ff",
    "https://deno.land/std@0.95.0/encoding/_yaml/type/float.ts": "8523e91d7e0e776cd28a7505883b707342d02f167cf2f70cbad907086f8070d1",
    "https://deno.land/std@0.95.0/encoding/_yaml/type/function.ts": "2d4a308bbcd29236047473f751cd628d6383d4cdd5d20078a03278ad3b1b7f3a",
    "https://deno.land/std@0.95.0/encoding/_yaml/type/int.ts": "ddd0b4dceaf4004f0d186832430fe622f14c576e8fc1847d8700c9962bd0b224",
    "https://deno.land/std@0.95.0/encoding/_yaml/type/map.ts": "1a6adda80abb559d194c2a6c921d77d1663efc528c3436eac30b6c865999cbf2",
    "https://deno.land/std@0.95.0/encoding/_yaml/type/merge.ts": "d72e0676455ab82a08ed67bbaec26911730d355600477b339918cc714a9404d2",
    "https://deno.land/std@0.95.0/encoding/_yaml/type/mod.ts": "9e93a15efbe9b2d98ec55d782913d8d263d4bfb2c8df89a59b39ac7a46e421de",
    "https://deno.land/std@0.95.0/encoding/_yaml/type/nil.ts": "93a6a43ed4cd82aeedf8866a436d050476ed8bf0c92bf77c5b762f146e634578",
    "https://deno.land/std@0.95.0/encoding/_yaml/type/omap.ts": "f9059576c95bce96906d9507245d0cb9539b96ec9653981879c4d2d217567e2e",
    "https://deno.land/std@0.95.0/encoding/_yaml/type/pairs.ts": "a50dcd677afaaed51a0629c5bde12b1632a7532e03611ef674e034b4140e0940",
    "https://deno.land/std@0.95.0/encoding/_yaml/type/regexp.ts": "e571f0888d7cceaa8056293be0914789bdd0eedd4372f4b532da395c6e5db4fa",
    "https://deno.land/std@0.95.0/encoding/_yaml/type/seq.ts": "50f1dbf35c2858c6e91b88964bc94836bea50da90a88b4df7814a1319bce921d",
    "https://deno.land/std@0.95.0/encoding/_yaml/type/set.ts": "2c9f20b540bd0f3af6264d79c2edf7ffbfc35a4c158fa479361dc579383e5fdf",
    "https://deno.land/std@0.95.0/encoding/_yaml/type/str.ts": "c24c0d7eaba943f2a30f827120be280ccf3fe903ebd31d5beb229965afd582b7",
    "https://deno.land/std@0.95.0/encoding/_yaml/type/timestamp.ts": "4e7221a8e2eafc818bd5b41ccf0636656044a9ca4892fa5763f45cb1733701fa",
    "https://deno.land/std@0.95.0/encoding/_yaml/type/undefined.ts": "bc774444b3a8d9b36cf8c032492584a629597b54cf34b791ed0280de9332296e",
    "https://deno.land/std@0.95.0/encoding/_yaml/utils.ts": "2c01dc0321ca969b208e244fa278f29ba7a5fdda2fba73b0f48dea99a4deb91b",
    "https://deno.land/std@0.95.0/encoding/yaml.ts": "4989e7fe0be3813f79214a2c0039b71398e8bb61d5667f0d60236e240754ebd3",
    "https://deno.land/std@0.95.0/io/buffer.ts": "c4717e49f742a1ddd0dd6f547cdbd9d15f5dac2c86df666579f50e5d090266ce",
    "https://deno.land/std@0.97.0/_util/assert.ts": "2f868145a042a11d5ad0a3c748dcf580add8a0dbc0e876eaa0026303a5488f58",
    "https://deno.land/std@0.97.0/bytes/bytes_list.ts": "a13287edb03f19d27ba4927dec6d6de3e5bd46254cd4aee6f7e5815810122673",
    "https://deno.land/std@0.97.0/bytes/mod.ts": "1ae1ccfe98c4b979f12b015982c7444f81fcb921bea7aa215bf37d84f46e1e13",
    "https://deno.land/std@0.97.0/fmt/colors.ts": "db22b314a2ae9430ae7460ce005e0a7130e23ae1c999157e3bb77cf55800f7e4",
    "https://deno.land/std@0.97.0/fmt/printf.ts": "7ec612e9b89958b8f7710129f74f502327aad285a9e48ee5297f5882fbc3a078",
    "https://deno.land/std@0.97.0/fs/exists.ts": "b0d2e31654819cc2a8d37df45d6b14686c0cc1d802e9ff09e902a63e98b85a00",
    "https://deno.land/std@0.97.0/io/buffer.ts": "ed3528e299fd1e0dc056c4b5005a07b28c3dabad2595f077a562ff7b06fe89a5",
    "https://deno.land/std@0.97.0/io/bufio.ts": "61d11414e83d2b504eb8ea2fca3c2670470ee2fe2e5fe82bdd81eb55dc11ac4a",
    "https://deno.land/std@0.97.0/io/types.d.ts": "89a27569399d380246ca7cdd9e14d5e68459f11fb6110790cc5ecbd4ee7f3215",
    "https://deno.land/std@0.97.0/io/util.ts": "318be78b7954da25f0faffe123fef0d9423ea61af98467e860c06b60265eff6d",
    "https://deno.land/std@0.97.0/log/handlers.ts": "d7f96064b1db110f66a4c51bda59eeb0698c0c13a1eeaccf85843bdb1d5a0b90",
    "https://deno.land/std@0.97.0/log/levels.ts": "088a883039ece5fa0da5f74bc7688654045ea7cb01bf200b438191a28d728eae",
    "https://deno.land/std@0.97.0/log/logger.ts": "6b2dd8cbe6f407100b9becfe61595d7681f8ce3692412fad843de84d617a038e",
    "https://deno.land/std@0.97.0/log/mod.ts": "91711789b28803082b1bdfb123d2c9685a7e01767f2e79c0a82706063ad964d8",
    "https://deno.land/std@0.97.0/testing/_diff.ts": "961eaf6d9f5b0a8556c9d835bbc6fa74f5addd7d3b02728ba7936ff93364f7a3",
    "https://deno.land/std@0.97.0/testing/asserts.ts": "341292d12eebc44be4c3c2ca101ba8b6b5859cef2fa69d50c217f9d0bfbcfd1f",
    "https://deno.land/x/clarinet@v1.0.3/index.ts": "b78a7ad58dc6e8558ff4b97bd66b30310dd2b4dbc2f6ec6d078b15bdb6cdbb85",
    "https://deno.land/x/cliffy@v0.24.2/_utils/distance.ts": "02af166952c7c358ac83beae397aa2fbca4ad630aecfcd38d92edb1ea429f004",
    "https://deno.land/x/cliffy@v0.24.2/ansi/colors.ts": "084fc3fe9309d8286f9961d6bd87de19437c3ece07ac55841039fa2994f5adce",
    "https://deno.land/x/cliffy@v0.24.2/command/_errors.ts": "979a5d3f91b9da60a5871a14c4d7aa88ad4e3258da2df7b83bf40d00949ca944",
    "https://deno.land/x/cliffy@v0.24.2/command/_utils.ts": "a17433eaa5fa2931a78590c6ee146129446992214a9483328b321cabd106ed42",
    "https://deno.land/x/cliffy@v0.24.2/command/command.ts": "a8a8db0e003c2fde85313ecbaf094502a867ec1229b99eacbdc357b6c0eb7a74",
    "https://deno.land/x/cliffy@v0.24.2/command/completions/_bash_completions_generator.ts": "038f70cdf8a84f851984b8aec3e63fe1b4c96455dd34b8b0bc49f2ef97996c00",
    "https://deno.land/x/cliffy@v0.24.2/command/completions/_fish_completions_generator.ts": "be4bc20ec11be0248aa3cb2c1451ed4c25433682aa8dc0563e1a7e0a44935d14",
    "https://deno.land/x/cliffy@v0.24.2/command/completions/_zsh_completions_generator.ts": "532a5e4ca81e1582dc75047cffaefe4c314f6110cb63089a0a8ab315e251fbd3",
    "https://deno.land/x/cliffy@v0.24.2/command/completions/bash.ts": "774e6be686d245f783d65b06d6822af1bff303beb19490b29a0e0f781556cfad",
    "https://deno.land/x/cliffy@v0.24.2/command/completions/complete.ts": "626594088e026e9248fcba8b1b3c8076afd964475f63f294223d337c61cf1665",
    "https://deno.land/x/cliffy@v0.24.2/command/completions/fish.ts": "c2f353f361c77bbce53e2a8bf064955b028ef6dc0eecca01a7d1f64397b61304",
    "https://deno.land/x/cliffy@v0.24.2/command/completions/mod.ts": "2b32933e152628268bfed59bd3091f8d23fbda59ee4e09f4d3de7740c7482fc2",
    "https://deno.land/x/cliffy@v0.24.2/command/completions/zsh.ts": "3eb1bfcfb7c1e4dd35b1d2e34a37c2a44a4dc54fdd8a8e4dcb5f933ad193202b",
    "https://deno.land/x/cliffy@v0.24.2/command/deps.ts": "84d3beaf8232c73cc62397402ec255db956598c9b7658f244292b34bd2ce5359",
    "https://deno.land/x/cliffy@v0.24.2/command/help/_help_generator.ts": "e41b9513f0a8cf55dda713a5e10579835696450aaebfb6517efbb828802cacf9",
    "https://deno.land/x/cliffy@v0.24.2/command/help/mod.ts": "01dd638a19ec6fce52317b3398201747d1e1d7ba4352b9a0aed084c7abe5d195",
    "https://deno.land/x/cliffy@v0.24.2/command/mod.ts": "d2da7a3d171a7737173525815d7dbe2e3dad3b20f2283385d99b78b5381a8bb5",
    "https://deno.land/x/cliffy@v0.24.2/command/type.ts": "2c0e15a618e8c71c7d2654a3cc819ba50b5f4f11828e84210112801363db880d",
    "https://deno.land/x/cliffy@v0.24.2/command/types.ts": "f08e0b7846b4571f1e3d3dd4ef4e8e53aa398f4b66d0f833b5817689054b49c7",
    "https://deno.land/x/cliffy@v0.24.2/command/types/action_list.ts": "33c98d449617c7a563a535c9ceb3741bde9f6363353fd492f90a74570c611c27",
    "https://deno.land/x/cliffy@v0.24.2/command/types/boolean.ts": "bf0fbaacbd79398f4f4a832437a8ac49f34f12fe42b8b44dca68ad23cd7b02e8",
    "https://deno.land/x/cliffy@v0.24.2/command/types/child_command.ts": "f1fca390c7fbfa7a713ca15ef55c2c7656bcbb394d50e8ef54085bdf6dc22559",
    "https://deno.land/x/cliffy@v0.24.2/command/types/command.ts": "325d0382e383b725fd8d0ef34ebaeae082c5b76a1f6f2e843fee5dbb1a4fe3ac",
    "https://deno.land/x/cliffy@v0.24.2/command/types/enum.ts": "a6e805eed88efe1866fa76cd102844a79a9bbe5590e557465f30082c6e383283",
    "https://deno.land/x/cliffy@v0.24.2/command/types/file.ts": "8618f16ac9015c8589cbd946b3de1988cc4899b90ea251f3325c93c46745140e",
    "https://deno.land/x/cliffy@v0.24.2/command/types/integer.ts": "b49ef8c43fe59ccf67e792c72ff350520dab08c9bd552eff004e134f292daa06",
    "https://deno.land/x/cliffy@v0.24.2/command/types/number.ts": "32c3d1decf3b8d9dfa10b0027b07e9c6753c0059d1ccf2d1d768b879d05e0d3e",
    "https://deno.land/x/cliffy@v0.24.2/command/types/string.ts": "e415dd7bce1b4d0ac4417e370a41a8c7a476f78cb19bf4a757ba11da343f344c",
    "https://deno.land/x/cliffy@v0.24.2/command/upgrade/mod.ts": "17e2df3b620905583256684415e6c4a31e8de5c59066eb6d6c9c133919292dc4",
    "https://deno.land/x/cliffy@v0.24.2/command/upgrade/provider.ts": "c6e8e0b8dc91359ece92f73061a218a8384790c29bc48feece9e81f5048611e7",
    "https://deno.land/x/cliffy@v0.24.2/command/upgrade/provider/deno_land.ts": "24f8d82e38c51e09be989f30f8ad21f9dd41ac1bb1973b443a13883e8ba06d6d",
    "https://deno.land/x/cliffy@v0.24.2/command/upgrade/provider/github.ts": "666f43d7ee687d90da42f1ab105c27f8f953db452f9a6bb88e68852cc813ad08",
    "https://deno.land/x/cliffy@v0.24.2/command/upgrade/provider/nest_land.ts": "0e07936cea04fa41ac9297f32d87f39152ea873970c54cb5b4934b12fee1885e",
    "https://deno.land/x/cliffy@v0.24.2/command/upgrade/upgrade_command.ts": "f3702efebd89e58aa55cd861f3e63533ee1307ef892fa07f7602a88a7348f0f2",
    "https://deno.land/x/cliffy@v0.24.2/flags/_errors.ts": "2e6754a96f8df8a2c23da477388eb426b24090e4cc4140220643ba2590d02136",
    "https://deno.land/x/cliffy@v0.24.2/flags/_utils.ts": "85c81dc298b09d616921b0837331f1d2e0b069e6c8e432dc26af74d579eb8967",
    "https://deno.land/x/cliffy@v0.24.2/flags/flags.ts": "41462db9188563cfe702b7237a25e8ee805c4c233c13a56750304ac64453122c",
    "https://deno.land/x/cliffy@v0.24.2/flags/types.ts": "c1ccc9574c69a0a3120f2464a5667b7169b6e3784f415aa3d5ca09cb36af653a",
    "https://deno.land/x/cliffy@v0.24.2/flags/types/boolean.ts": "3a80c2332c2f2f58427774cd0ed15b773be2c6bab6323ab4085ac7eaed9fe021",
    "https://deno.land/x/cliffy@v0.24.2/flags/types/integer.ts": "931b6c9f748a839ad304d60851159ebe3f26ccea50fb0907925a94e93772acaf",
    "https://deno.land/x/cliffy@v0.24.2/flags/types/number.ts": "ace1b124c644f4fac2a7bf781fafe3f8a32528b22ec939a3291424a313c8e301",
    "https://deno.land/x/cliffy@v0.24.2/flags/types/string.ts": "2764413b7f86962152fd0ac3edf5107b94cb6ae8a237243d65c3a2eb2073d624",
    "https://deno.land/x/cliffy@v0.24.2/flags/validate_flags.ts": "2d04bfc90c4675e868002ab6b4df3283c32f8b2bd5b7a487d54fdc429f1b59c8",
    "https://deno.land/x/cliffy@v0.24.2/table/border.ts": "2514abae4e4f51eda60a5f8c927ba24efd464a590027e900926b38f68e01253c",
    "https://deno.land/x/cliffy@v0.24.2/table/cell.ts": "1d787d8006ac8302020d18ec39f8d7f1113612c20801b973e3839de9c3f8b7b3",
    "https://deno.land/x/cliffy@v0.24.2/table/deps.ts": "45592ed006efadd7708ea5201bb427cffb8a717176ea202040a8ea863200898e",
    "https://deno.land/x/cliffy@v0.24.2/table/layout.ts": "ca9d5159b73f76b98d51feb0286281166a964e4411c087a0c00103035b1ba1dc",
    "https://deno.land/x/cliffy@v0.24.2/table/row.ts": "707c8f9c71f28e7ded22a053c13c0988a9598eec0a9e2a7aea7d15cad64d3cfe",
    "https://deno.land/x/cliffy@v0.24.2/table/table.ts": "3905c40d030626faab87a3e2e24982382c0d4c11eccae829a9e04db94d29e3e9",
    "https://deno.land/x/cliffy@v0.24.2/table/utils.ts": "187bb7dcbcfb16199a5d906113f584740901dfca1007400cba0df7dcd341bc29",
    "https://deno.land/x/expect@v0.2.9/expect.ts": "128c60f94ff3f977e2a649463238e403f9bdb8e6ab77e65214c0236bd61b0111",
    "https://deno.land/x/expect@v0.2.9/matchers.ts": "ba7360b73c5031a22449fa98eb4d5dbe7f256a88dd4c22ccae96dc6c01f0b19c",
    "https://deno.land/x/expect@v0.2.9/mock.ts": "562d4b1d735d15b0b8e935f342679096b64fe452f86e96714fe8616c0c884914",
    "https://deno.land/x/expect@v0.2.9/mod.ts": "0304d2430e1e96ba669a8495e24ba606dcc3d152e1f81aaa8da898cea24e36c2",
    "https://deno.land/x/kia@0.4.1b/deps.ts": "75da73e1fd9f18b9abbc0e615894aef9cafd8bcf81c5c6aab3be5986425474c4",
    "https://deno.land/x/kia@0.4.1b/kia.ts": "9eaaae34b1179a43251f4ced6b4b94b9d8100e587a95b8152f01b22fe52cbe84",
    "https://deno.land/x/kia@0.4.1b/mod.ts": "727b60e707c46429e40a2159ab73381245ef08a8e1e59e1e5a705745b99f4aec",
    "https://deno.land/x/kia@0.4.1b/spinners.ts": "26b63f964c745d6cc46e547d98352a4f64ae6d28400d35d9b77be7a5141db860",
    "https://deno.land/x/kia@0.4.1b/util.ts": "b7ac0962b5a39f666bad41c8b93efe1ea599fbac05ea9f65c0409926e8092618",
    "https://deno.land/x/typebox@0.25.20/src/typebox.ts": "9b20b62c0bf31f1a9128b6dc6dfd470a5d956a48f0b0ef0a1ccc4d794fb55dcc",
    "https://denoporter.sirjosh.workers.dev/v1/deno.land/x/computed_types/src/DateType.ts": "2608ef17bb31d573f4564a7a36b6348af7eab0cb7b26d332d7008512c13ab4e1",
    "https://denoporter.sirjosh.workers.dev/v1/deno.land/x/computed_types/src/Schema.ts": "c984b56e12f0df38708659cdd94ad16fea7cfaba1c5360a0960d81cc4a81a6fd",
    "https://denoporter.sirjosh.workers.dev/v1/deno.land/x/computed_types/src/Validator.ts": "5bf584120e3c9e9419366aeb89b598e0f939b086e31432dc553c13e3c50c0a01",
    "https://denoporter.sirjosh.workers.dev/v1/deno.land/x/computed_types/src/array.ts": "b2d80a3829f339091b35ee98b241435670ffad054b0dea53079bab3bb01cfc41",
    "https://denoporter.sirjosh.workers.dev/v1/deno.land/x/computed_types/src/boolean.ts": "dd92dddc106a71e33d9baaa047278b9008f2b4246311af551d4e19329f1ade6f",
    "https://denoporter.sirjosh.workers.dev/v1/deno.land/x/computed_types/src/index.ts": "38f7f847ef7bb62a4827b9377219aaeda10022626086a5c6d7f78001a74c9f29",
    "https://denoporter.sirjosh.workers.dev/v1/deno.land/x/computed_types/src/number.ts": "e24eeceab2c7780b342d096e8eff98d03e4ea254116765cc52f2556b21291e4a",
    "https://denoporter.sirjosh.workers.dev/v1/deno.land/x/computed_types/src/object.ts": "2fc497dfbed78a8829a522a64245167d7e3c76d0bb5025c7d21a0939f476aa62",
    "https://denoporter.sirjosh.workers.dev/v1/deno.land/x/computed_types/src/schema/FunctionType.ts": "6d8dffdd3553caae84ef24c26f6cfb81424c2c8dbc684d7285b0d9a286dd0bb4",
    "https://denoporter.sirjosh.workers.dev/v1/deno.land/x/computed_types/src/schema/compiler.ts": "a7616cae64b685b369ca72138d47571b9976a13f9b215fbdb0ac161e527ccc49",
    "https://denoporter.sirjosh.workers.dev/v1/deno.land/x/computed_types/src/schema/errors.ts": "5bffd35e870b87864f884b2a8dd1fbb6aa26060a7bd5a8d1f02625aafc95fbaa",
    "https://denoporter.sirjosh.workers.dev/v1/deno.land/x/computed_types/src/schema/io.ts": "f487465d2bd1ec35e640bee59229d4d885689b1e2866eef9b96a588de5e0ae2f",
    "https://denoporter.sirjosh.workers.dev/v1/deno.land/x/computed_types/src/schema/logic.ts": "4e94d98f5a36bb1a2b2f422a5613a3daea6449078939f5c52e7d97e9bb57d8fd",
    "https://denoporter.sirjosh.workers.dev/v1/deno.land/x/computed_types/src/schema/switch.ts": "a0e445e48f8a356e359050ea51d4462a0ecbf239d8365a00000b0af166e70858",
    "https://denoporter.sirjosh.workers.dev/v1/deno.land/x/computed_types/src/schema/utils.ts": "fef16c818ff21d57cf4a6b4f5892316d56d5930f4511fc30cabb826843850c8b",
    "https://denoporter.sirjosh.workers.dev/v1/deno.land/x/computed_types/src/schema/validations.ts": "6bff44e2740f3e4cfd8114935edf838404bb9dac0e8490704e1ec1401e3fbe3b",
    "https://denoporter.sirjosh.workers.dev/v1/deno.land/x/computed_types/src/string.ts": "4f26966ec3c07be6817ba9e22f2c62ba908095f5224812b68b0c26ae92442329",
    "https://denoporter.sirjosh.workers.dev/v1/deno.land/x/computed_types/src/unknown.ts": "f685f5c45a3b45414df2a998d374f90c14512a854d408fc7a59050c95f00953c"
  }
}
